dependencies:
- name: community-operator
  repository: https://mongodb.github.io/helm-charts
  version: 0.13.0
- name: opensearch
  repository: https://opensearch-project.github.io/helm-charts
  version: 2.37.0
digest: sha256:c363d8912cba25253fe779605c0371cc5d920a0e13cedc7f5d1f53e18f06aa95
generated: "2026-09-02T06:32:43.765484138Z"
