dependencies:
- name: library
  repository: file://../library
  version: 0.0.1
- name: ceph-csi-operator
  repository: https://ceph.github.io/ceph-csi-operator
  version: 1.0.4
digest: sha256:0fac8772862dfd838925c4bd68d07bdabbca5df95496c76110c867d5f06be1ad
generated: "2026-09-02T17:31:02.809850452Z"
