dependencies:
- name: ingress-nginx-chart
  repository: oci://ghcr.io/okteto
  version: 4.16.7
- name: ingress-nginx-chart
  repository: oci://ghcr.io/okteto
  version: 4.16.7
- name: reloader
  repository: https://stakater.github.io/stakater-charts
  version: 2.2.14
digest: sha256:154403f67165ad1e8a6274c6f2c7aaa4cd6d0cc268e6b0fa15d58575eceb9664
generated: "2026-08-26T11:02:26.433043+02:00"
